// !$*UTF8*$!
{
	archiveVersion = 1;
	classes = {
	};
	objectVersion = 50;
	objects = {

/* Begin PBXBuildFile section */
		87134EAD22A329E3005A23A7 /* FactProvider.swift in Sources */ = {isa = PBXBuildFile; fileRef = 87134EAC22A329E3005A23A7 /* FactProvider.swift */; };
		87134EAF22A340B1005A23A7 /* BackgroundColourProvider.swift in Sources */ = {isa = PBXBuildFile; fileRef = 87134EAE22A340B1005A23A7 /* BackgroundColourProvider.swift */; };
		87ECEB7C22A18C8500B4578B /* AppDelegate.swift in Sources */ = {isa = PBXBuildFile; fileRef = 87ECEB7B22A18C8500B4578B /* AppDelegate.swift */; };
		87ECEB7E22A18C8500B4578B /* ViewController.swift in Sources */ = {isa = PBXBuildFile; fileRef = 87ECEB7D22A18C8500B4578B /* ViewController.swift */; };
		87ECEB8122A18C8500B4578B /* Main.storyboard in Resources */ = {isa = PBXBuildFile; fileRef = 87ECEB7F22A18C8500B4578B /* Main.storyboard */; };
		87ECEB8322A18C8800B4578B /* Assets.xcassets in Resources */ = {isa = PBXBuildFile; fileRef = 87ECEB8222A18C8800B4578B /* Assets.xcassets */; };
		87ECEB8622A18C8800B4578B /* LaunchScreen.storyboard in Resources */ = {isa = PBXBuildFile; fileRef = 87ECEB8422A18C8800B4578B /* LaunchScreen.storyboard */; };
		87ECEB9122A18C8900B4578B /* FunFactsTests.swift in Sources */ = {isa = PBXBuildFile; fileRef = 87ECEB9022A18C8900B4578B /* FunFactsTests.swift */; };
		87ECEB9C22A18C8900B4578B /* FunFactsUITests.swift in Sources */ = {isa = PBXBuildFile; fileRef = 87ECEB9B22A18C8900B4578B /* FunFactsUITests.swift */; };
/* End PBXBuildFile section */

/* Begin PBXContainerItemProxy section */
		87ECEB8D22A18C8900B4578B /* PBXContainerItemProxy */ = {
			isa = PBXContainerItemProxy;
			containerPortal = 87ECEB7022A18C8500B4578B /* Project object */;
			proxyType = 1;
			remoteGlobalIDString = 87ECEB7722A18C8500B4578B;
			remoteInfo = FunFacts;
		};
		87ECEB9822A18C8900B4578B /* PBXContainerItemProxy */ = {
			isa = PBXContainerItemProxy;
			containerPortal = 87ECEB7022A18C8500B4578B /* Project object */;
			proxyType = 1;
			remoteGlobalIDString = 87ECEB7722A18C8500B4578B;
			remoteInfo = FunFacts;
		};
/* End PBXContainerItemProxy section */

/* Begin PBXFileReference section */
		87134EAC22A329E3005A23A7 /* FactProvider.swift */ = {isa = PBXFileReference; lastKnownFileType = sourcecode.swift; path = FactProvider.swift; sourceTree = "<group>"; };
		87134EAE22A340B1005A23A7 /* BackgroundColourProvider.swift */ = {isa = PBXFileReference; lastKnownFileType = sourcecode.swift; path = BackgroundColourProvider.swift; sourceTree = "<group>"; };
		87ECEB7822A18C8500B4578B /* FunFacts.app */ = {isa = PBXFileReference; explicitFileType = wrapper.application; includeInIndex = 0; path = FunFacts.app; sourceTree = BUILT_PRODUCTS_DIR; };
		87ECEB7B22A18C8500B4578B /* AppDelegate.swift */ = {isa = PBXFileReference; lastKnownFileType = sourcecode.swift; path = AppDelegate.swift; sourceTree = "<group>"; };
		87ECEB7D22A18C8500B4578B /* ViewController.swift */ = {isa = PBXFileReference; lastKnownFileType = sourcecode.swift; path = ViewController.swift; sourceTree = "<group>"; };
		87ECEB8022A18C8500B4578B /* Base */ = {isa = PBXFileReference; lastKnownFileType = file.storyboard; name = Base; path = Base.lproj/Main.storyboard; sourceTree = "<group>"; };
		87ECEB8222A18C8800B4578B /* Assets.xcassets */ = {isa = PBXFileReference; lastKnownFileType = folder.assetcatalog; path = Assets.xcassets; sourceTree = "<group>"; };
		87ECEB8522A18C8800B4578B /* Base */ = {isa = PBXFileReference; lastKnownFileType = file.storyboard; name = Base; path = Base.lproj/LaunchScreen.storyboard; sourceTree = "<group>"; };
		87ECEB8722A18C8800B4578B /* Info.plist */ = {isa = PBXFileReference; lastKnownFileType = text.plist.xml; path = Info.plist; sourceTree = "<group>"; };
		87ECEB8C22A18C8900B4578B /* FunFactsTests.xctest */ = {isa = PBXFileReference; explicitFileType = wrapper.cfbundle; includeInIndex = 0; path = FunFactsTests.xctest; sourceTree = BUILT_PRODUCTS_DIR; };
		87ECEB9022A18C8900B4578B /* FunFactsTests.swift */ = {isa = PBXFileReference; lastKnownFileType = sourcecode.swift; path = FunFactsTests.swift; sourceTree = "<group>"; };
		87ECEB9222A18C8900B4578B /* Info.plist */ = {isa = PBXFileReference; lastKnownFileType = text.plist.xml; path = Info.plist; sourceTree = "<group>"; };
		87ECEB9722A18C8900B4578B /* FunFactsUITests.xctest */ = {isa = PBXFileReference; explicitFileType = wrapper.cfbundle; includeInIndex = 0; path = FunFactsUITests.xctest; sourceTree = BUILT_PRODUCTS_DIR; };
		87ECEB9B22A18C8900B4578B /* FunFactsUITests.swift */ = {isa = PBXFileReference; lastKnownFileType = sourcecode.swift; path = FunFactsUITests.swift; sourceTree = "<group>"; };
		87ECEB9D22A18C8900B4578B /* Info.plist */ = {isa = PBXFileReference; lastKnownFileType = text.plist.xml; path = Info.plist; sourceTree = "<group>"; };
/* End PBXFileReference section */

/* Begin PBXFrameworksBuildPhase section */
		87ECEB7522A18C8500B4578B /* Frameworks */ = {
			isa = PBXFrameworksBuildPhase;
			buildActionMask = 2147483647;
			files = (
			);
			runOnlyForDeploymentPostprocessing = 0;
		};
		87ECEB8922A18C8900B4578B /* Frameworks */ = {
			isa = PBXFrameworksBuildPhase;
			buildActionMask = 2147483647;
			files = (
			);
			runOnlyForDeploymentPostprocessing = 0;
		};
		87ECEB9422A18C8900B4578B /* Frameworks */ = {
			isa = PBXFrameworksBuildPhase;
			buildActionMask = 2147483647;
			files = (
			);
			runOnlyForDeploymentPostprocessing = 0;
		};
/* End PBXFrameworksBuildPhase section */

/* Begin PBXGroup section */
		87ECEB6F22A18C8500B4578B = {
			isa = PBXGroup;
			children = (
				87ECEB7A22A18C8500B4578B /* FunFacts */,
				87ECEB8F22A18C8900B4578B /* FunFactsTests */,
				87ECEB9A22A18C8900B4578B /* FunFactsUITests */,
				87ECEB7922A18C8500B4578B /* Products */,
			);
			sourceTree = "<group>";
		};
		87ECEB7922A18C8500B4578B /* Products */ = {
			isa = PBXGroup;
			children = (
				87ECEB7822A18C8500B4578B /* FunFacts.app */,
				87ECEB8C22A18C8900B4578B /* FunFactsTests.xctest */,
				87ECEB9722A18C8900B4578B /* FunFactsUITests.xctest */,
			);
			name = Products;
			sourceTree = "<group>";
		};
		87ECEB7A22A18C8500B4578B /* FunFacts */ = {
			isa = PBXGroup;
			children = (
				87ECEB7B22A18C8500B4578B /* AppDelegate.swift */,
				87ECEB7D22A18C8500B4578B /* ViewController.swift */,
				87134EAE22A340B1005A23A7 /* BackgroundColourProvider.swift */,
				87134EAC22A329E3005A23A7 /* FactProvider.swift */,
				87ECEB7F22A18C8500B4578B /* Main.storyboard */,
				87ECEB8222A18C8800B4578B /* Assets.xcassets */,
				87ECEB8422A18C8800B4578B /* LaunchScreen.storyboard */,
				87ECEB8722A18C8800B4578B /* Info.plist */,
			);
			path = FunFacts;
			sourceTree = "<group>";
		};
		87ECEB8F22A18C8900B4578B /* FunFactsTests */ = {
			isa = PBXGroup;
			children = (
				87ECEB9022A18C8900B4578B /* FunFactsTests.swift */,
				87ECEB9222A18C8900B4578B /* Info.plist */,
			);
			path = FunFactsTests;
			sourceTree = "<group>";
		};
		87ECEB9A22A18C8900B4578B /* FunFactsUITests */ = {
			isa = PBXGroup;
			children = (
				87ECEB9B22A18C8900B4578B /* FunFactsUITests.swift */,
				87ECEB9D22A18C8900B4578B /* Info.plist */,
			);
			path = FunFactsUITests;
			sourceTree = "<group>";
		};
/* End PBXGroup section */

/* Begin PBXNativeTarget section */
		87ECEB7722A18C8500B4578B /* FunFacts */ = {
			isa = PBXNativeTarget;
			buildConfigurationList = 87ECEBA022A18C8900B4578B /* Build configuration list for PBXNativeTarget "FunFacts" */;
			buildPhases = (
				87ECEB7422A18C8500B4578B /* Sources */,
				87ECEB7522A18C8500B4578B /* Frameworks */,
				87ECEB7622A18C8500B4578B /* Resources */,
			);
			buildRules = (
			);
			dependencies = (
			);
			name = FunFacts;
			productName = FunFacts;
			productReference = 87ECEB7822A18C8500B4578B /* FunFacts.app */;
			productType = "com.apple.product-type.application";
		};
		87ECEB8B22A18C8900B4578B /* FunFactsTests */ = {
			isa = PBXNativeTarget;
			buildConfigurationList = 87ECEBA322A18C8900B4578B /* Build configuration list for PBXNativeTarget "FunFactsTests" */;
			buildPhases = (
				87ECEB8822A18C8900B4578B /* Sources */,
				87ECEB8922A18C8900B4578B /* Frameworks */,
				87ECEB8A22A18C8900B4578B /* Resources */,
			);
			buildRules = (
			);
			dependencies = (
				87ECEB8E22A18C8900B4578B /* PBXTargetDependency */,
			);
			name = FunFactsTests;
			productName = FunFactsTests;
			productReference = 87ECEB8C22A18C8900B4578B /* FunFactsTests.xctest */;
			productType = "com.apple.product-type.bundle.unit-test";
		};
		87ECEB9622A18C8900B4578B /* FunFactsUITests */ = {
			isa = PBXNativeTarget;
			buildConfigurationList = 87ECEBA622A18C8900B4578B /* Build configuration list for PBXNativeTarget "FunFactsUITests" */;
			buildPhases = (
				87ECEB9322A18C8900B4578B /* Sources */,
				87ECEB9422A18C8900B4578B /* Frameworks */,
				87ECEB9522A18C8900B4578B /* Resources */,
			);
			buildRules = (
			);
			dependencies = (
				87ECEB9922A18C8900B4578B /* PBXTargetDependency */,
			);
			name = FunFactsUITests;
			productName = FunFactsUITests;
			productReference = 87ECEB9722A18C8900B4578B /* FunFactsUITests.xctest */;
			productType = "com.apple.product-type.bundle.ui-testing";
		};
/* End PBXNativeTarget section */

/* Begin PBXProject section */
		87ECEB7022A18C8500B4578B /* Project object */ = {
			isa = PBXProject;
			attributes = {
				LastSwiftUpdateCheck = 1020;
				LastUpgradeCheck = 1020;
				ORGANIZATIONNAME = "Smitha Kolan";
				TargetAttributes = {
					87ECEB7722A18C8500B4578B = {
						CreatedOnToolsVersion = 10.2;
					};
					87ECEB8B22A18C8900B4578B = {
						CreatedOnToolsVersion = 10.2;
						TestTargetID = 87ECEB7722A18C8500B4578B;
					};
					87ECEB9622A18C8900B4578B = {
						CreatedOnToolsVersion = 10.2;
						TestTargetID = 87ECEB7722A18C8500B4578B;
					};
				};
			};
			buildConfigurationList = 87ECEB7322A18C8500B4578B /* Build configuration list for PBXProject "FunFacts" */;
			compatibilityVersion = "Xcode 9.3";
			developmentRegion = en;
			hasScannedForEncodings = 0;
			knownRegions = (
				en,
				Base,
			);
			mainGroup = 87ECEB6F22A18C8500B4578B;
			productRefGroup = 87ECEB7922A18C8500B4578B /* Products */;
			projectDirPath = "";
			projectRoot = "";
			targets = (
				87ECEB7722A18C8500B4578B /* FunFacts */,
				87ECEB8B22A18C8900B4578B /* FunFactsTests */,
				87ECEB9622A18C8900B4578B /* FunFactsUITests */,
			);
		};
/* End PBXProject section */

/* Begin PBXResourcesBuildPhase section */
		87ECEB7622A18C8500B4578B /* Resources */ = {
			isa = PBXResourcesBuildPhase;
			buildActionMask = 2147483647;
			files = (
				87ECEB8622A18C8800B4578B /* LaunchScreen.storyboard in Resources */,
				87ECEB8322A18C8800B4578B /* Assets.xcassets in Resources */,
				87ECEB8122A18C8500B4578B /* Main.storyboard in Resources */,
			);
			runOnlyForDeploymentPostprocessing = 0;
		};
		87ECEB8A22A18C8900B4578B /* Resources */ = {
			isa = PBXResourcesBuildPhase;
			buildActionMask = 2147483647;
			files = (
			);
			runOnlyForDeploymentPostprocessing = 0;
		};
		87ECEB9522A18C8900B4578B /* Resources */ = {
			isa = PBXResourcesBuildPhase;
			buildActionMask = 2147483647;
			files = (
			);
			runOnlyForDeploymentPostprocessing = 0;
		};
/* End PBXResourcesBuildPhase section */

/* Begin PBXSourcesBuildPhase section */
		87ECEB7422A18C8500B4578B /* Sources */ = {
			isa = PBXSourcesBuildPhase;
			buildActionMask = 2147483647;
			files = (
				87134EAF22A340B1005A23A7 /* BackgroundColourProvider.swift in Sources */,
				87ECEB7E22A18C8500B4578B /* ViewController.swift in Sources */,
				87ECEB7C22A18C8500B4578B /* AppDelegate.swift in Sources */,
				87134EAD22A329E3005A23A7 /* FactProvider.swift in Sources */,
			);
			runOnlyForDeploymentPostprocessing = 0;
		};
		87ECEB8822A18C8900B4578B /* Sources */ = {
			isa = PBXSourcesBuildPhase;
			buildActionMask = 2147483647;
			files = (
				87ECEB9122A18C8900B4578B /* FunFactsTests.swift in Sources */,
			);
			runOnlyForDeploymentPostprocessing = 0;
		};
		87ECEB9322A18C8900B4578B /* Sources */ = {
			isa = PBXSourcesBuildPhase;
			buildActionMask = 2147483647;
			files = (
				87ECEB9C22A18C8900B4578B /* FunFactsUITests.swift in Sources */,
			);
			runOnlyForDeploymentPostprocessing = 0;
		};
/* End PBXSourcesBuildPhase section */

/* Begin PBXTargetDependency section */
		87ECEB8E22A18C8900B4578B /* PBXTargetDependency */ = {
			isa = PBXTargetDependency;
			target = 87ECEB7722A18C8500B4578B /* FunFacts */;
			targetProxy = 87ECEB8D22A18C8900B4578B /* PBXContainerItemProxy */;
		};
		87ECEB9922A18C8900B4578B /* PBXTargetDependency */ = {
			isa = PBXTargetDependency;
			target = 87ECEB7722A18C8500B4578B /* FunFacts */;
			targetProxy = 87ECEB9822A18C8900B4578B /* PBXContainerItemProxy */;
		};
/* End PBXTargetDependency section */

/* Begin PBXVariantGroup section */
		87ECEB7F22A18C8500B4578B /* Main.storyboard */ = {
			isa = PBXVariantGroup;
			children = (
				87ECEB8022A18C8500B4578B /* Base */,
			);
			name = Main.storyboard;
			sourceTree = "<group>";
		};
		87ECEB8422A18C8800B4578B /* LaunchScreen.storyboard */ = {
			isa = PBXVariantGroup;
			children = (
				87ECEB8522A18C8800B4578B /* Base */,
			);
			name = LaunchScreen.storyboard;
			sourceTree = "<group>";
		};
/* End PBXVariantGroup section */

/* Begin XCBuildConfiguration section */
		87ECEB9E22A18C8900B4578B /* Debug */ = {
			isa = XCBuildConfiguration;
			buildSettings = {
				ALWAYS_SEARCH_USER_PATHS = NO;
				CLANG_ANALYZER_NONNULL = YES;
				CLANG_ANALYZER_NUMBER_OBJECT_CONVERSION = YES_AGGRESSIVE;
				CLANG_CXX_LANGUAGE_STANDARD = "gnu++14";
				CLANG_CXX_LIBRARY = "libc++";
				CLANG_ENABLE_MODULES = YES;
				CLANG_ENABLE_OBJC_ARC = YES;
				CLANG_ENABLE_OBJC_WEAK = YES;
				CLANG_WARN_BLOCK_CAPTURE_AUTORELEASING = YES;
				CLANG_WARN_BOOL_CONVERSION = YES;
				CLANG_WARN_COMMA = YES;
				CLANG_WARN_CONSTANT_CONVERSION = YES;
				CLANG_WARN_DEPRECATED_OBJC_IMPLEMENTATIONS = YES;
				CLANG_WARN_DIRECT_OBJC_ISA_USAGE = YES_ERROR;
				CLANG_WARN_DOCUMENTATION_COMMENTS = YES;
				CLANG_WARN_EMPTY_BODY = YES;
				CLANG_WARN_ENUM_CONVERSION = YES;
				CLANG_WARN_INFINITE_RECURSION = YES;
				CLANG_WARN_INT_CONVERSION = YES;
				CLANG_WARN_NON_LITERAL_NULL_CONVERSION = YES;
				CLANG_WARN_OBJC_IMPLICIT_RETAIN_SELF = YES;
				CLANG_WARN_OBJC_LITERAL_CONVERSION = YES;
				CLANG_WARN_OBJC_ROOT_CLASS = YES_ERROR;
				CLANG_WARN_RANGE_LOOP_ANALYSIS = YES;
				CLANG_WARN_STRICT_PROTOTYPES = YES;
				CLANG_WARN_SUSPICIOUS_MOVE = YES;
				CLANG_WARN_UNGUARDED_AVAILABILITY = YES_AGGRESSIVE;
				CLANG_WARN_UNREACHABLE_CODE = YES;
				CLANG_WARN__DUPLICATE_METHOD_MATCH = YES;
				CODE_SIGN_IDENTITY = "iPhone Developer";
				COPY_PHASE_STRIP = NO;
				DEBUG_INFORMATION_FORMAT = dwarf;
				ENABLE_STRICT_OBJC_MSGSEND = YES;
				ENABLE_TESTABILITY = YES;
				GCC_C_LANGUAGE_STANDARD = gnu11;
				GCC_DYNAMIC_NO_PIC = NO;
				GCC_NO_COMMON_BLOCKS = YES;
				GCC_OPTIMIZATION_LEVEL = 0;
				GCC_PREPROCESSOR_DEFINITIONS = (
					"DEBUG=1",
					"$(inherited)",
				);
				GCC_WARN_64_TO_32_BIT_CONVERSION = YES;
				GCC_WARN_ABOUT_RETURN_TYPE = YES_ERROR;
				GCC_WARN_UNDECLARED_SELECTOR = YES;
				GCC_WARN_UNINITIALIZED_AUTOS = YES_AGGRESSIVE;
				GCC_WARN_UNUSED_FUNCTION = YES;
				GCC_WARN_UNUSED_VARIABLE = YES;
				IPHONEOS_DEPLOYMENT_TARGET = 12.2;
				MTL_ENABLE_DEBUG_INFO = INCLUDE_SOURCE;
				MTL_FAST_MATH = YES;
				ONLY_ACTIVE_ARCH = YES;
				SDKROOT = iphoneos;
				SWIFT_ACTIVE_COMPILATION_CONDITIONS = DEBUG;
				SWIFT_OPTIMIZATION_LEVEL = "-Onone";
			};
			name = Debug;
		};
		87ECEB9F22A18C8900B4578B /* Release */ = {
			isa = XCBuildConfiguration;
			buildSettings = {
				ALWAYS_SEARCH_USER_PATHS = NO;
				CLANG_ANALYZER_NONNULL = YES;
				CLANG_ANALYZER_NUMBER_OBJECT_CONVERSION = YES_AGGRESSIVE;
				CLANG_CXX_LANGUAGE_STANDARD = "gnu++14";
				CLANG_CXX_LIBRARY = "libc++";
				CLANG_ENABLE_MODULES = YES;
				CLANG_ENABLE_OBJC_ARC = YES;
				CLANG_ENABLE_OBJC_WEAK = YES;
				CLANG_WARN_BLOCK_CAPTURE_AUTORELEASING = YES;
				CLANG_WARN_BOOL_CONVERSION = YES;
				CLANG_WARN_COMMA = YES;
				CLANG_WARN_CONSTANT_CONVERSION = YES;
				CLANG_WARN_DEPRECATED_OBJC_IMPLEMENTATIONS = YES;
				CLANG_WARN_DIRECT_OBJC_ISA_USAGE = YES_ERROR;
				CLANG_WARN_DOCUMENTATION_COMMENTS = YES;
				CLANG_WARN_EMPTY_BODY = YES;
				CLANG_WARN_ENUM_CONVERSION = YES;
				CLANG_WARN_INFINITE_RECURSION = YES;
				CLANG_WARN_INT_CONVERSION = YES;
				CLANG_WARN_NON_LITERAL_NULL_CONVERSION = YES;
				CLANG_WARN_OBJC_IMPLICIT_RETAIN_SELF = YES;
				CLANG_WARN_OBJC_LITERAL_CONVERSION = YES;
				CLANG_WARN_OBJC_ROOT_CLASS = YES_ERROR;
				CLANG_WARN_RANGE_LOOP_ANALYSIS = YES;
				CLANG_WARN_STRICT_PROTOTYPES = YES;
				CLANG_WARN_SUSPICIOUS_MOVE = YES;
				CLANG_WARN_UNGUARDED_AVAILABILITY = YES_AGGRESSIVE;
				CLANG_WARN_UNREACHABLE_CODE = YES;
				CLANG_WARN__DUPLICATE_METHOD_MATCH = YES;
				CODE_SIGN_IDENTITY = "iPhone Developer";
				COPY_PHASE_STRIP = NO;
				DEBUG_INFORMATION_FORMAT = "dwarf-with-dsym";
				ENABLE_NS_ASSERTIONS = NO;
				ENABLE_STRICT_OBJC_MSGSEND = YES;
				GCC_C_LANGUAGE_STANDARD = gnu11;
				GCC_NO_COMMON_BLOCKS = YES;
				GCC_WARN_64_TO_32_BIT_CONVERSION = YES;
				GCC_WARN_ABOUT_RETURN_TYPE = YES_ERROR;
				GCC_WARN_UNDECLARED_SELECTOR = YES;
				GCC_WARN_UNINITIALIZED_AUTOS = YES_AGGRESSIVE;
				GCC_WARN_UNUSED_FUNCTION = YES;
				GCC_WARN_UNUSED_VARIABLE = YES;
				IPHONEOS_DEPLOYMENT_TARGET = 12.2;
				MTL_ENABLE_DEBUG_INFO = NO;
				MTL_FAST_MATH = YES;
				SDKROOT = iphoneos;
				SWIFT_COMPILATION_MODE = wholemodule;
				SWIFT_OPTIMIZATION_LEVEL = "-O";
				VALIDATE_PRODUCT = YES;
			};
			name = Release;
		};
		87ECEBA122A18C8900B4578B /* Debug */ = {
			isa = XCBuildConfiguration;
			buildSettings = {
				ASSETCATALOG_COMPILER_APPICON_NAME = AppIcon;
				CODE_SIGN_STYLE = Automatic;
				DEVELOPMENT_TEAM = TT52C28KJ3;
				INFOPLIST_FILE = FunFacts/Info.plist;
				LD_RUNPATH_SEARCH_PATHS = (
					"$(inherited)",
					"@executable_path/Frameworks",
				);
				PRODUCT_BUNDLE_IDENTIFIER = com.smitha.FunFacts;
				PRODUCT_NAME = "$(TARGET_NAME)";
				SWIFT_VERSION = 5.0;
				TARGETED_DEVICE_FAMILY = "1,2";
			};
			name = Debug;
		};
		87ECEBA222A18C8900B4578B /* Release */ = {
			isa = XCBuildConfiguration;
			buildSettings = {
				ASSETCATALOG_COMPILER_APPICON_NAME = AppIcon;
				CODE_SIGN_STYLE = Automatic;
				DEVELOPMENT_TEAM = TT52C28KJ3;
				INFOPLIST_FILE = FunFacts/Info.plist;
				LD_RUNPATH_SEARCH_PATHS = (
					"$(inherited)",
					"@executable_path/Frameworks",
				);
				PRODUCT_BUNDLE_IDENTIFIER = com.smitha.FunFacts;
				PRODUCT_NAME = "$(TARGET_NAME)";
				SWIFT_VERSION = 5.0;
				TARGETED_DEVICE_FAMILY = "1,2";
			};
			name = Release;
		};
		87ECEBA422A18C8900B4578B /* Debug */ = {
			isa = XCBuildConfiguration;
			buildSettings = {
				ALWAYS_EMBED_SWIFT_STANDARD_LIBRARIES = YES;
				BUNDLE_LOADER = "$(TEST_HOST)";
				CODE_SIGN_STYLE = Automatic;
				INFOPLIST_FILE = FunFactsTests/Info.plist;
				LD_RUNPATH_SEARCH_PATHS = (
					"$(inherited)",
					"@executable_path/Frameworks",
					"@loader_path/Frameworks",
				);
				PRODUCT_BUNDLE_IDENTIFIER = com.smitha.FunFactsTests;
				PRODUCT_NAME = "$(TARGET_NAME)";
				SWIFT_VERSION = 5.0;
				TARGETED_DEVICE_FAMILY = "1,2";
				TEST_HOST = "$(BUILT_PRODUCTS_DIR)/FunFacts.app/FunFacts";
			};
			name = Debug;
		};
		87ECEBA522A18C8900B4578B /* Release */ = {
			isa = XCBuildConfiguration;
			buildSettings = {
				ALWAYS_EMBED_SWIFT_STANDARD_LIBRARIES = YES;
				BUNDLE_LOADER = "$(TEST_HOST)";
				CODE_SIGN_STYLE = Automatic;
				INFOPLIST_FILE = FunFactsTests/Info.plist;
				LD_RUNPATH_SEARCH_PATHS = (
					"$(inherited)",
					"@executable_path/Frameworks",
					"@loader_path/Frameworks",
				);
				PRODUCT_BUNDLE_IDENTIFIER = com.smitha.FunFactsTests;
				PRODUCT_NAME = "$(TARGET_NAME)";
				SWIFT_VERSION = 5.0;
				TARGETED_DEVICE_FAMILY = "1,2";
				TEST_HOST = "$(BUILT_PRODUCTS_DIR)/FunFacts.app/FunFacts";
			};
			name = Release;
		};
		87ECEBA722A18C8900B4578B /* Debug */ = {
			isa = XCBuildConfiguration;
			buildSettings = {
				ALWAYS_EMBED_SWIFT_STANDARD_LIBRARIES = YES;
				CODE_SIGN_STYLE = Automatic;
				INFOPLIST_FILE = FunFactsUITests/Info.plist;
				LD_RUNPATH_SEARCH_PATHS = (
					"$(inherited)",
					"@executable_path/Frameworks",
					"@loader_path/Frameworks",
				);
				PRODUCT_BUNDLE_IDENTIFIER = com.smitha.FunFactsUITests;
				PRODUCT_NAME = "$(TARGET_NAME)";
				SWIFT_VERSION = 5.0;
				TARGETED_DEVICE_FAMILY = "1,2";
				TEST_TARGET_NAME = FunFacts;
			};
			name = Debug;
		};
		87ECEBA822A18C8900B4578B /* Release */ = {
			isa = XCBuildConfiguration;
			buildSettings = {
				ALWAYS_EMBED_SWIFT_STANDARD_LIBRARIES = YES;
				CODE_SIGN_STYLE = Automatic;
				INFOPLIST_FILE = FunFactsUITests/Info.plist;
				LD_RUNPATH_SEARCH_PATHS = (
					"$(inherited)",
					"@executable_path/Frameworks",
					"@loader_path/Frameworks",
				);
				PRODUCT_BUNDLE_IDENTIFIER = com.smitha.FunFactsUITests;
				PRODUCT_NAME = "$(TARGET_NAME)";
				SWIFT_VERSION = 5.0;
				TARGETED_DEVICE_FAMILY = "1,2";
				TEST_TARGET_NAME = FunFacts;
			};
			name = Release;
		};
/* End XCBuildConfiguration section */

/* Begin XCConfigurationList section */
		87ECEB7322A18C8500B4578B /* Build configuration list for PBXProject "FunFacts" */ = {
			isa = XCConfigurationList;
			buildConfigurations = (
				87ECEB9E22A18C8900B4578B /* Debug */,
				87ECEB9F22A18C8900B4578B /* Release */,
			);
			defaultConfigurationIsVisible = 0;
			defaultConfigurationName = Release;
		};
		87ECEBA022A18C8900B4578B /* Build configuration list for PBXNativeTarget "FunFacts" */ = {
			isa = XCConfigurationList;
			buildConfigurations = (
				87ECEBA122A18C8900B4578B /* Debug */,
				87ECEBA222A18C8900B4578B /* Release */,
			);
			defaultConfigurationIsVisible = 0;
			defaultConfigurationName = Release;
		};
		87ECEBA322A18C8900B4578B /* Build configuration list for PBXNativeTarget "FunFactsTests" */ = {
			isa = XCConfigurationList;
			buildConfigurations = (
				87ECEBA422A18C8900B4578B /* Debug */,
				87ECEBA522A18C8900B4578B /* Release */,
			);
			defaultConfigurationIsVisible = 0;
			defaultConfigurationName = Release;
		};
		87ECEBA622A18C8900B4578B /* Build configuration list for PBXNativeTarget "FunFactsUITests" */ = {
			isa = XCConfigurationList;
			buildConfigurations = (
				87ECEBA722A18C8900B4578B /* Debug */,
				87ECEBA822A18C8900B4578B /* Release */,
			);
			defaultConfigurationIsVisible = 0;
			defaultConfigurationName = Release;
		};
/* End XCConfigurationList section */
	};
	rootObject = 87ECEB7022A18C8500B4578B /* Project object */;
}
